
Microsoft Visual Studio Solution File, Format Version 12.00
# Visual Studio Version 16
VisualStudioVersion = 16.0.31205.134
MinimumVisualStudioVersion = 10.0.40219.1
Project("{9A19103F-16F7-4668-BE54-9A1E7A4F7556}") = "LockFree", "LockFree\LockFree.csproj", "{16DD8009-3064-4676-B990-BD5AAE27A20A}"
EndProject
Project("{9A19103F-16F7-4668-BE54-9A1E7A4F7556}") = "QuantumOfSwitching", "QuantumOfSwitching\QuantumOfSwitching.csproj", "{A133E8BB-08A6-4440-818B-DD40862CE4CB}"
EndProject
Project("{9A19103F-16F7-4668-BE54-9A1E7A4F7556}") = "ThreadPool", "ThreadPool\ThreadPool.csproj", "{AECF027F-91BB-430F-892C-4CE585C723B8}"
EndProject
Project("{9A19103F-16F7-4668-BE54-9A1E7A4F7556}") = "ReaderWriterLock", "ReaderWriterLock\ReaderWriterLock.csproj", "{015D9144-CBF2-4501-B4DE-5DEFBE7A7CE4}"
EndProject
Project("{9A19103F-16F7-4668-BE54-9A1E7A4F7556}") = "DataParallelism", "DataParallelism\DataParallelism.csproj", "{C54A93E3-ADDA-45B7-B4A4-2ACD7008DC2E}"
EndProject
Project("{2150E333-8FDC-42A3-9474-1A3956D46DE8}") = "day1", "day1", "{AD01E7F9-EB27-4F6E-A30B-748680CD7B8D}"
EndProject
Project("{9A19103F-16F7-4668-BE54-9A1E7A4F7556}") = "Recap", "Recap\Recap.csproj", "{AE652AA6-4F48-4AC2-A34A-93308D3623DB}"
EndProject
Project("{2150E333-8FDC-42A3-9474-1A3956D46DE8}") = "day2", "day2", "{E1655F63-686F-4FE2-9D93-AE36498A447B}"
EndProject
Project("{9A19103F-16F7-4668-BE54-9A1E7A4F7556}") = "AsyncSamples", "AsyncSamples\AsyncSamples.csproj", "{39E40469-9317-4554-BFC5-917F7D1C434B}"
EndProject
Project("{9A19103F-16F7-4668-BE54-9A1E7A4F7556}") = "ClusterClient", "ClusterClient\ClusterClient.csproj", "{04EE450F-4DE5-419A-97F7-9A0D0AD8F481}"
EndProject
Project("{9A19103F-16F7-4668-BE54-9A1E7A4F7556}") = "ClusterServer", "ClusterServer\ClusterServer.csproj", "{DBBEC5BA-03CF-4AD2-A593-E89266065CF7}"
EndProject
Project("{9A19103F-16F7-4668-BE54-9A1E7A4F7556}") = "EchoServer", "EchoServer\EchoServer.csproj", "{AC27A8DC-7335-4E54-894C-9647C6092184}"
EndProject
Project("{9A19103F-16F7-4668-BE54-9A1E7A4F7556}") = "HackChat", "HackChat\HackChat.csproj", "{64747941-68C4-45DC-AF55-E7B9368628AB}"
EndProject
Project("{9A19103F-16F7-4668-BE54-9A1E7A4F7556}") = "NMAP", "NMAP\NMAP.csproj", "{DF34682E-3921-46EB-B285-EDEB2F905CA5}"
EndProject
Project("{9A19103F-16F7-4668-BE54-9A1E7A4F7556}") = "TPLSamples", "TPLSamples\TPLSamples.csproj", "{670358FB-715E-4F27-9679-F0C82858BC34}"
EndProject
Project("{FAE04EC0-301F-11D3-BF4B-00C04F79EFBC}") = "TPLUnhandledExceptionSample", "TPLUnhandledExceptionSample\TPLUnhandledExceptionSample.csproj", "{45F6AB7A-DC8D-4E0A-9E9B-116C25ED188E}"
EndProject
Project("{9A19103F-16F7-4668-BE54-9A1E7A4F7556}") = "ClusterTests", "ClusterTests\ClusterTests.csproj", "{12344A4A-07D4-4035-9A8F-E7F22457756B}"
EndProject
Global
	GlobalSection(SolutionConfigurationPlatforms) = preSolution
		Debug|Any CPU = Debug|Any CPU
		Release|Any CPU = Release|Any CPU
	EndGlobalSection
	GlobalSection(ProjectConfigurationPlatforms) = postSolution
		{16DD8009-3064-4676-B990-BD5AAE27A20A}.Debug|Any CPU.ActiveCfg = Debug|Any CPU
		{16DD8009-3064-4676-B990-BD5AAE27A20A}.Debug|Any CPU.Build.0 = Debug|Any CPU
		{16DD8009-3064-4676-B990-BD5AAE27A20A}.Release|Any CPU.ActiveCfg = Release|Any CPU
		{16DD8009-3064-4676-B990-BD5AAE27A20A}.Release|Any CPU.Build.0 = Release|Any CPU
		{A133E8BB-08A6-4440-818B-DD40862CE4CB}.Debug|Any CPU.ActiveCfg = Debug|Any CPU
		{A133E8BB-08A6-4440-818B-DD40862CE4CB}.Debug|Any CPU.Build.0 = Debug|Any CPU
		{A133E8BB-08A6-4440-818B-DD40862CE4CB}.Release|Any CPU.ActiveCfg = Release|Any CPU
		{A133E8BB-08A6-4440-818B-DD40862CE4CB}.Release|Any CPU.Build.0 = Release|Any CPU
		{AECF027F-91BB-430F-892C-4CE585C723B8}.Debug|Any CPU.ActiveCfg = Debug|Any CPU
		{AECF027F-91BB-430F-892C-4CE585C723B8}.Debug|Any CPU.Build.0 = Debug|Any CPU
		{AECF027F-91BB-430F-892C-4CE585C723B8}.Release|Any CPU.ActiveCfg = Release|Any CPU
		{AECF027F-91BB-430F-892C-4CE585C723B8}.Release|Any CPU.Build.0 = Release|Any CPU
		{015D9144-CBF2-4501-B4DE-5DEFBE7A7CE4}.Debug|Any CPU.ActiveCfg = Debug|Any CPU
		{015D9144-CBF2-4501-B4DE-5DEFBE7A7CE4}.Debug|Any CPU.Build.0 = Debug|Any CPU
		{015D9144-CBF2-4501-B4DE-5DEFBE7A7CE4}.Release|Any CPU.ActiveCfg = Release|Any CPU
		{015D9144-CBF2-4501-B4DE-5DEFBE7A7CE4}.Release|Any CPU.Build.0 = Release|Any CPU
		{C54A93E3-ADDA-45B7-B4A4-2ACD7008DC2E}.Debug|Any CPU.ActiveCfg = Debug|Any CPU
		{C54A93E3-ADDA-45B7-B4A4-2ACD7008DC2E}.Debug|Any CPU.Build.0 = Debug|Any CPU
		{C54A93E3-ADDA-45B7-B4A4-2ACD7008DC2E}.Release|Any CPU.ActiveCfg = Release|Any CPU
		{C54A93E3-ADDA-45B7-B4A4-2ACD7008DC2E}.Release|Any CPU.Build.0 = Release|Any CPU
		{AE652AA6-4F48-4AC2-A34A-93308D3623DB}.Debug|Any CPU.ActiveCfg = Debug|Any CPU
		{AE652AA6-4F48-4AC2-A34A-93308D3623DB}.Debug|Any CPU.Build.0 = Debug|Any CPU
		{AE652AA6-4F48-4AC2-A34A-93308D3623DB}.Release|Any CPU.ActiveCfg = Release|Any CPU
		{AE652AA6-4F48-4AC2-A34A-93308D3623DB}.Release|Any CPU.Build.0 = Release|Any CPU
		{39E40469-9317-4554-BFC5-917F7D1C434B}.Debug|Any CPU.ActiveCfg = Debug|Any CPU
		{39E40469-9317-4554-BFC5-917F7D1C434B}.Debug|Any CPU.Build.0 = Debug|Any CPU
		{39E40469-9317-4554-BFC5-917F7D1C434B}.Release|Any CPU.ActiveCfg = Release|Any CPU
		{39E40469-9317-4554-BFC5-917F7D1C434B}.Release|Any CPU.Build.0 = Release|Any CPU
		{04EE450F-4DE5-419A-97F7-9A0D0AD8F481}.Debug|Any CPU.ActiveCfg = Debug|Any CPU
		{04EE450F-4DE5-419A-97F7-9A0D0AD8F481}.Debug|Any CPU.Build.0 = Debug|Any CPU
		{04EE450F-4DE5-419A-97F7-9A0D0AD8F481}.Release|Any CPU.ActiveCfg = Release|Any CPU
		{04EE450F-4DE5-419A-97F7-9A0D0AD8F481}.Release|Any CPU.Build.0 = Release|Any CPU
		{DBBEC5BA-03CF-4AD2-A593-E89266065CF7}.Debug|Any CPU.ActiveCfg = Debug|Any CPU
		{DBBEC5BA-03CF-4AD2-A593-E89266065CF7}.Debug|Any CPU.Build.0 = Debug|Any CPU
		{DBBEC5BA-03CF-4AD2-A593-E89266065CF7}.Release|Any CPU.ActiveCfg = Release|Any CPU
		{DBBEC5BA-03CF-4AD2-A593-E89266065CF7}.Release|Any CPU.Build.0 = Release|Any CPU
		{AC27A8DC-7335-4E54-894C-9647C6092184}.Debug|Any CPU.ActiveCfg = Debug|Any CPU
		{AC27A8DC-7335-4E54-894C-9647C6092184}.Debug|Any CPU.Build.0 = Debug|Any CPU
		{AC27A8DC-7335-4E54-894C-9647C6092184}.Release|Any CPU.ActiveCfg = Release|Any CPU
		{AC27A8DC-7335-4E54-894C-9647C6092184}.Release|Any CPU.Build.0 = Release|Any CPU
		{64747941-68C4-45DC-AF55-E7B9368628AB}.Debug|Any CPU.ActiveCfg = Debug|Any CPU
		{64747941-68C4-45DC-AF55-E7B9368628AB}.Debug|Any CPU.Build.0 = Debug|Any CPU
		{64747941-68C4-45DC-AF55-E7B9368628AB}.Release|Any CPU.ActiveCfg = Release|Any CPU
		{64747941-68C4-45DC-AF55-E7B9368628AB}.Release|Any CPU.Build.0 = Release|Any CPU
		{DF34682E-3921-46EB-B285-EDEB2F905CA5}.Debug|Any CPU.ActiveCfg = Debug|Any CPU
		{DF34682E-3921-46EB-B285-EDEB2F905CA5}.Debug|Any CPU.Build.0 = Debug|Any CPU
		{DF34682E-3921-46EB-B285-EDEB2F905CA5}.Release|Any CPU.ActiveCfg = Release|Any CPU
		{DF34682E-3921-46EB-B285-EDEB2F905CA5}.Release|Any CPU.Build.0 = Release|Any CPU
		{670358FB-715E-4F27-9679-F0C82858BC34}.Debug|Any CPU.ActiveCfg = Debug|Any CPU
		{670358FB-715E-4F27-9679-F0C82858BC34}.Debug|Any CPU.Build.0 = Debug|Any CPU
		{670358FB-715E-4F27-9679-F0C82858BC34}.Release|Any CPU.ActiveCfg = Release|Any CPU
		{670358FB-715E-4F27-9679-F0C82858BC34}.Release|Any CPU.Build.0 = Release|Any CPU
		{45F6AB7A-DC8D-4E0A-9E9B-116C25ED188E}.Debug|Any CPU.ActiveCfg = Debug|Any CPU
		{45F6AB7A-DC8D-4E0A-9E9B-116C25ED188E}.Debug|Any CPU.Build.0 = Debug|Any CPU
		{45F6AB7A-DC8D-4E0A-9E9B-116C25ED188E}.Release|Any CPU.ActiveCfg = Release|Any CPU
		{45F6AB7A-DC8D-4E0A-9E9B-116C25ED188E}.Release|Any CPU.Build.0 = Release|Any CPU
		{12344A4A-07D4-4035-9A8F-E7F22457756B}.Debug|Any CPU.ActiveCfg = Debug|Any CPU
		{12344A4A-07D4-4035-9A8F-E7F22457756B}.Debug|Any CPU.Build.0 = Debug|Any CPU
		{12344A4A-07D4-4035-9A8F-E7F22457756B}.Release|Any CPU.ActiveCfg = Release|Any CPU
		{12344A4A-07D4-4035-9A8F-E7F22457756B}.Release|Any CPU.Build.0 = Release|Any CPU
	EndGlobalSection
	GlobalSection(SolutionProperties) = preSolution
		HideSolutionNode = FALSE
	EndGlobalSection
	GlobalSection(NestedProjects) = preSolution
		{16DD8009-3064-4676-B990-BD5AAE27A20A} = {AD01E7F9-EB27-4F6E-A30B-748680CD7B8D}
		{A133E8BB-08A6-4440-818B-DD40862CE4CB} = {AD01E7F9-EB27-4F6E-A30B-748680CD7B8D}
		{AECF027F-91BB-430F-892C-4CE585C723B8} = {AD01E7F9-EB27-4F6E-A30B-748680CD7B8D}
		{015D9144-CBF2-4501-B4DE-5DEFBE7A7CE4} = {AD01E7F9-EB27-4F6E-A30B-748680CD7B8D}
		{C54A93E3-ADDA-45B7-B4A4-2ACD7008DC2E} = {AD01E7F9-EB27-4F6E-A30B-748680CD7B8D}
		{AE652AA6-4F48-4AC2-A34A-93308D3623DB} = {AD01E7F9-EB27-4F6E-A30B-748680CD7B8D}
		{39E40469-9317-4554-BFC5-917F7D1C434B} = {E1655F63-686F-4FE2-9D93-AE36498A447B}
		{04EE450F-4DE5-419A-97F7-9A0D0AD8F481} = {E1655F63-686F-4FE2-9D93-AE36498A447B}
		{DBBEC5BA-03CF-4AD2-A593-E89266065CF7} = {E1655F63-686F-4FE2-9D93-AE36498A447B}
		{AC27A8DC-7335-4E54-894C-9647C6092184} = {E1655F63-686F-4FE2-9D93-AE36498A447B}
		{64747941-68C4-45DC-AF55-E7B9368628AB} = {E1655F63-686F-4FE2-9D93-AE36498A447B}
		{DF34682E-3921-46EB-B285-EDEB2F905CA5} = {E1655F63-686F-4FE2-9D93-AE36498A447B}
		{670358FB-715E-4F27-9679-F0C82858BC34} = {E1655F63-686F-4FE2-9D93-AE36498A447B}
		{45F6AB7A-DC8D-4E0A-9E9B-116C25ED188E} = {E1655F63-686F-4FE2-9D93-AE36498A447B}
		{12344A4A-07D4-4035-9A8F-E7F22457756B} = {E1655F63-686F-4FE2-9D93-AE36498A447B}
	EndGlobalSection
	GlobalSection(ExtensibilityGlobals) = postSolution
		SolutionGuid = {A68F331E-DF3F-4F8B-88F7-D49C00244C39}
	EndGlobalSection
EndGlobal
